
Microsoft Visual Studio Solution File, Format Version 12.00
# Visual Studio Version 17
VisualStudioVersion = 17.8.34525.116
MinimumVisualStudioVersion = 10.0.40219.1
Project("{FAE04EC0-301F-11D3-BF4B-00C04F79EFBC}") = "SignalR testing", "SignalR testing\SignalR testing.csproj", "{088160E6-8978-4683-8B96-9BE91D5F61E7}"
EndProject
Global
	GlobalSection(SolutionConfigurationPlatforms) = preSolution
		Debug|Any CPU = Debug|Any CPU
		Release|Any CPU = Release|Any CPU
	EndGlobalSection
	GlobalSection(ProjectConfigurationPlatforms) = postSolution
		{088160E6-8978-4683-8B96-9BE91D5F61E7}.Debug|Any CPU.ActiveCfg = Debug|Any CPU
		{088160E6-8978-4683-8B96-9BE91D5F61E7}.Debug|Any CPU.Build.0 = Debug|Any CPU
		{088160E6-8978-4683-8B96-9BE91D5F61E7}.Release|Any CPU.ActiveCfg = Release|Any CPU
		{088160E6-8978-4683-8B96-9BE91D5F61E7}.Release|Any CPU.Build.0 = Release|Any CPU
	EndGlobalSection
	GlobalSection(SolutionProperties) = preSolution
		HideSolutionNode = FALSE
	EndGlobalSection
	GlobalSection(ExtensibilityGlobals) = postSolution
		SolutionGuid = {D3E6BC3A-2F26-43B7-9F74-FB2201929F3B}
	EndGlobalSection
EndGlobal
